{
  "name": "@floydpink/advent-of-code-2018-02",
  "version": "1.0.0",
  "lockfileVersion": 1,
  "requires": true,
  "dependencies": {
    "compute-hamming": {
      "version": "1.1.0",
      "resolved": "https://registry.npmjs.org/compute-hamming/-/compute-hamming-1.1.0.tgz",
      "integrity": "sha1-mPpUTAwBR8/G+oOtLsA4Mi6Dxvo=",
      "requires": {
        "validate.io-array": "^1.0.3",
        "validate.io-function": "^1.0.2",
        "validate.io-string": "^1.0.2"
      }
    },
    "validate.io-array": {
      "version": "1.0.6",
      "resolved": "https://registry.npmjs.org/validate.io-array/-/validate.io-array-1.0.6.tgz",
      "integrity": "sha1-W1osr9j4uFq7L4hroVPy2Tond00="
    },
    "validate.io-function": {
      "version": "1.0.2",
      "resolved": "https://registry.npmjs.org/validate.io-function/-/validate.io-function-1.0.2.tgz",
      "integrity": "sha1-NDoZgC7TsZaCaceA5VjpNBHAutc="
    },
    "validate.io-string": {
      "version": "1.0.2",
      "resolved": "https://registry.npmjs.org/validate.io-string/-/validate.io-string-1.0.2.tgz",
      "integrity": "sha1-ur86Uoso5LnoAX4ygfx2ABrm3C8="
    }
  }
}
